
Microsoft Visual Studio Solution File, Format Version 12.00
# Visual Studio Version 17
VisualStudioVersion = 17.5.33530.505
MinimumVisualStudioVersion = 10.0.40219.1
Project("{9A19103F-16F7-4668-BE54-9A1E7A4F7556}") = "BrowserGame", "BrowserGame.csproj", "{67600C47-3EBD-4DA5-A81B-8CD6F94755D7}"
EndProject
Global
	GlobalSection(SolutionConfigurationPlatforms) = preSolution
		Debug|Any CPU = Debug|Any CPU
		Release|Any CPU = Release|Any CPU
	EndGlobalSection
	GlobalSection(ProjectConfigurationPlatforms) = postSolution
		{67600C47-3EBD-4DA5-A81B-8CD6F94755D7}.Debug|Any CPU.ActiveCfg = Debug|Any CPU
		{67600C47-3EBD-4DA5-A81B-8CD6F94755D7}.Debug|Any CPU.Build.0 = Debug|Any CPU
		{67600C47-3EBD-4DA5-A81B-8CD6F94755D7}.Release|Any CPU.ActiveCfg = Release|Any CPU
		{67600C47-3EBD-4DA5-A81B-8CD6F94755D7}.Release|Any CPU.Build.0 = Release|Any CPU
	EndGlobalSection
	GlobalSection(SolutionProperties) = preSolution
		HideSolutionNode = FALSE
	EndGlobalSection
	GlobalSection(ExtensibilityGlobals) = postSolution
		SolutionGuid = {55EF62BA-2AF2-4BA5-8162-E23781E81279}
	EndGlobalSection
EndGlobal
